
Microsoft Visual Studio Solution File, Format Version 12.00
# Visual Studio Version 16
VisualStudioVersion = 16.0.808.10
MinimumVisualStudioVersion = 10.0.40219.1
Project("{FAE04EC0-301F-11D3-BF4B-00C04F79EFBC}") = "MobileAwesomeApp.Android", "MobileAwesomeApp.Android\MobileAwesomeApp.Android.csproj", "{B9D55985-1D56-432A-ACE4-AB907437CB9F}"
EndProject
Project("{FAE04EC0-301F-11D3-BF4B-00C04F79EFBC}") = "MobileAwesomeApp.iOS", "MobileAwesomeApp.iOS\MobileAwesomeApp.iOS.csproj", "{1FC96E3A-FC89-462B-9529-8FAE668A4499}"
EndProject
Project("{FAE04EC0-301F-11D3-BF4B-00C04F79EFBC}") = "MobileAwesomeApp", "MobileAwesomeApp\MobileAwesomeApp.csproj", "{AC7B5988-5F7A-4E60-A0DB-F8B3D9F71506}"
EndProject
Global
	GlobalSection(SolutionConfigurationPlatforms) = preSolution
		Debug|Any CPU = Debug|Any CPU
		Release|Any CPU = Release|Any CPU
		Debug|iPhoneSimulator = Debug|iPhoneSimulator
		Release|iPhoneSimulator = Release|iPhoneSimulator
		Debug|iPhone = Debug|iPhone
		Release|iPhone = Release|iPhone
	EndGlobalSection
	GlobalSection(ProjectConfigurationPlatforms) = postSolution
		{B9D55985-1D56-432A-ACE4-AB907437CB9F}.Debug|Any CPU.ActiveCfg = Debug|Any CPU
		{B9D55985-1D56-432A-ACE4-AB907437CB9F}.Debug|Any CPU.Build.0 = Debug|Any CPU
		{B9D55985-1D56-432A-ACE4-AB907437CB9F}.Release|Any CPU.ActiveCfg = Release|Any CPU
		{B9D55985-1D56-432A-ACE4-AB907437CB9F}.Release|Any CPU.Build.0 = Release|Any CPU
		{B9D55985-1D56-432A-ACE4-AB907437CB9F}.Debug|iPhoneSimulator.ActiveCfg = Debug|Any CPU
		{B9D55985-1D56-432A-ACE4-AB907437CB9F}.Debug|iPhoneSimulator.Build.0 = Debug|Any CPU
		{B9D55985-1D56-432A-ACE4-AB907437CB9F}.Release|iPhoneSimulator.ActiveCfg = Release|Any CPU
		{B9D55985-1D56-432A-ACE4-AB907437CB9F}.Release|iPhoneSimulator.Build.0 = Release|Any CPU
		{B9D55985-1D56-432A-ACE4-AB907437CB9F}.Debug|iPhone.ActiveCfg = Debug|Any CPU
		{B9D55985-1D56-432A-ACE4-AB907437CB9F}.Debug|iPhone.Build.0 = Debug|Any CPU
		{B9D55985-1D56-432A-ACE4-AB907437CB9F}.Release|iPhone.ActiveCfg = Release|Any CPU
		{B9D55985-1D56-432A-ACE4-AB907437CB9F}.Release|iPhone.Build.0 = Release|Any CPU
		{1FC96E3A-FC89-462B-9529-8FAE668A4499}.Debug|Any CPU.ActiveCfg = Debug|iPhoneSimulator
		{1FC96E3A-FC89-462B-9529-8FAE668A4499}.Debug|Any CPU.Build.0 = Debug|iPhoneSimulator
		{1FC96E3A-FC89-462B-9529-8FAE668A4499}.Release|Any CPU.ActiveCfg = Release|iPhoneSimulator
		{1FC96E3A-FC89-462B-9529-8FAE668A4499}.Release|Any CPU.Build.0 = Release|iPhoneSimulator
		{1FC96E3A-FC89-462B-9529-8FAE668A4499}.Debug|iPhoneSimulator.ActiveCfg = Debug|iPhoneSimulator
		{1FC96E3A-FC89-462B-9529-8FAE668A4499}.Debug|iPhoneSimulator.Build.0 = Debug|iPhoneSimulator
		{1FC96E3A-FC89-462B-9529-8FAE668A4499}.Release|iPhoneSimulator.ActiveCfg = Release|iPhoneSimulator
		{1FC96E3A-FC89-462B-9529-8FAE668A4499}.Release|iPhoneSimulator.Build.0 = Release|iPhoneSimulator
		{1FC96E3A-FC89-462B-9529-8FAE668A4499}.Debug|iPhone.ActiveCfg = Debug|iPhone
		{1FC96E3A-FC89-462B-9529-8FAE668A4499}.Debug|iPhone.Build.0 = Debug|iPhone
		{1FC96E3A-FC89-462B-9529-8FAE668A4499}.Release|iPhone.ActiveCfg = Release|iPhone
		{1FC96E3A-FC89-462B-9529-8FAE668A4499}.Release|iPhone.Build.0 = Release|iPhone
		{AC7B5988-5F7A-4E60-A0DB-F8B3D9F71506}.Debug|Any CPU.ActiveCfg = Debug|Any CPU
		{AC7B5988-5F7A-4E60-A0DB-F8B3D9F71506}.Debug|Any CPU.Build.0 = Debug|Any CPU
		{AC7B5988-5F7A-4E60-A0DB-F8B3D9F71506}.Release|Any CPU.ActiveCfg = Release|Any CPU
		{AC7B5988-5F7A-4E60-A0DB-F8B3D9F71506}.Release|Any CPU.Build.0 = Release|Any CPU
		{AC7B5988-5F7A-4E60-A0DB-F8B3D9F71506}.Debug|iPhoneSimulator.ActiveCfg = Debug|Any CPU
		{AC7B5988-5F7A-4E60-A0DB-F8B3D9F71506}.Debug|iPhoneSimulator.Build.0 = Debug|Any CPU
		{AC7B5988-5F7A-4E60-A0DB-F8B3D9F71506}.Release|iPhoneSimulator.ActiveCfg = Release|Any CPU
		{AC7B5988-5F7A-4E60-A0DB-F8B3D9F71506}.Release|iPhoneSimulator.Build.0 = Release|Any CPU
		{AC7B5988-5F7A-4E60-A0DB-F8B3D9F71506}.Debug|iPhone.ActiveCfg = Debug|Any CPU
		{AC7B5988-5F7A-4E60-A0DB-F8B3D9F71506}.Debug|iPhone.Build.0 = Debug|Any CPU
		{AC7B5988-5F7A-4E60-A0DB-F8B3D9F71506}.Release|iPhone.ActiveCfg = Release|Any CPU
		{AC7B5988-5F7A-4E60-A0DB-F8B3D9F71506}.Release|iPhone.Build.0 = Release|Any CPU
	EndGlobalSection
	GlobalSection(SolutionProperties) = preSolution
		HideSolutionNode = FALSE
	EndGlobalSection
	GlobalSection(ExtensibilityGlobals) = postSolution
		SolutionGuid = {9F968620-4767-437A-AF69-62FC1E63F20E}
	EndGlobalSection
EndGlobal
